
Microsoft Visual Studio Solution File, Format Version 12.00
# Visual Studio Version 16
VisualStudioVersion = 16.0.30804.86
MinimumVisualStudioVersion = 10.0.40219.1
Project("{FAE04EC0-301F-11D3-BF4B-00C04F79EFBC}") = "Vivalnk", "Vivalnk\Vivalnk.csproj", "{0CB00831-13A7-4EF2-A4C7-36F3D25AF048}"
EndProject
Project("{FAE04EC0-301F-11D3-BF4B-00C04F79EFBC}") = "Vivalnk.Binding", "Vivalnk.Binding\Vivalnk.Binding.csproj", "{C336B88E-AB9E-4697-8A34-F03FAA1A8E38}"
EndProject
Global
	GlobalSection(SolutionConfigurationPlatforms) = preSolution
		Debug|Any CPU = Debug|Any CPU
		Debug|iPhone = Debug|iPhone
		Debug|iPhoneSimulator = Debug|iPhoneSimulator
		Release|Any CPU = Release|Any CPU
		Release|iPhone = Release|iPhone
		Release|iPhoneSimulator = Release|iPhoneSimulator
	EndGlobalSection
	GlobalSection(ProjectConfigurationPlatforms) = postSolution
		{0CB00831-13A7-4EF2-A4C7-36F3D25AF048}.Debug|Any CPU.ActiveCfg = Debug|iPhoneSimulator
		{0CB00831-13A7-4EF2-A4C7-36F3D25AF048}.Debug|iPhone.ActiveCfg = Debug|iPhone
		{0CB00831-13A7-4EF2-A4C7-36F3D25AF048}.Debug|iPhone.Build.0 = Debug|iPhone
		{0CB00831-13A7-4EF2-A4C7-36F3D25AF048}.Debug|iPhone.Deploy.0 = Debug|iPhone
		{0CB00831-13A7-4EF2-A4C7-36F3D25AF048}.Debug|iPhoneSimulator.ActiveCfg = Debug|iPhoneSimulator
		{0CB00831-13A7-4EF2-A4C7-36F3D25AF048}.Debug|iPhoneSimulator.Build.0 = Debug|iPhoneSimulator
		{0CB00831-13A7-4EF2-A4C7-36F3D25AF048}.Debug|iPhoneSimulator.Deploy.0 = Debug|iPhoneSimulator
		{0CB00831-13A7-4EF2-A4C7-36F3D25AF048}.Release|Any CPU.ActiveCfg = Release|iPhoneSimulator
		{0CB00831-13A7-4EF2-A4C7-36F3D25AF048}.Release|iPhone.ActiveCfg = Release|iPhone
		{0CB00831-13A7-4EF2-A4C7-36F3D25AF048}.Release|iPhone.Build.0 = Release|iPhone
		{0CB00831-13A7-4EF2-A4C7-36F3D25AF048}.Release|iPhone.Deploy.0 = Release|iPhone
		{0CB00831-13A7-4EF2-A4C7-36F3D25AF048}.Release|iPhoneSimulator.ActiveCfg = Release|iPhoneSimulator
		{0CB00831-13A7-4EF2-A4C7-36F3D25AF048}.Release|iPhoneSimulator.Build.0 = Release|iPhoneSimulator
		{0CB00831-13A7-4EF2-A4C7-36F3D25AF048}.Release|iPhoneSimulator.Deploy.0 = Release|iPhoneSimulator
		{C336B88E-AB9E-4697-8A34-F03FAA1A8E38}.Debug|Any CPU.ActiveCfg = Debug|Any CPU
		{C336B88E-AB9E-4697-8A34-F03FAA1A8E38}.Debug|Any CPU.Build.0 = Debug|Any CPU
		{C336B88E-AB9E-4697-8A34-F03FAA1A8E38}.Debug|iPhone.ActiveCfg = Debug|Any CPU
		{C336B88E-AB9E-4697-8A34-F03FAA1A8E38}.Debug|iPhone.Build.0 = Debug|Any CPU
		{C336B88E-AB9E-4697-8A34-F03FAA1A8E38}.Debug|iPhoneSimulator.ActiveCfg = Debug|Any CPU
		{C336B88E-AB9E-4697-8A34-F03FAA1A8E38}.Debug|iPhoneSimulator.Build.0 = Debug|Any CPU
		{C336B88E-AB9E-4697-8A34-F03FAA1A8E38}.Release|Any CPU.ActiveCfg = Release|Any CPU
		{C336B88E-AB9E-4697-8A34-F03FAA1A8E38}.Release|Any CPU.Build.0 = Release|Any CPU
		{C336B88E-AB9E-4697-8A34-F03FAA1A8E38}.Release|iPhone.ActiveCfg = Release|Any CPU
		{C336B88E-AB9E-4697-8A34-F03FAA1A8E38}.Release|iPhone.Build.0 = Release|Any CPU
		{C336B88E-AB9E-4697-8A34-F03FAA1A8E38}.Release|iPhoneSimulator.ActiveCfg = Release|Any CPU
		{C336B88E-AB9E-4697-8A34-F03FAA1A8E38}.Release|iPhoneSimulator.Build.0 = Release|Any CPU
	EndGlobalSection
	GlobalSection(SolutionProperties) = preSolution
		HideSolutionNode = FALSE
	EndGlobalSection
	GlobalSection(ExtensibilityGlobals) = postSolution
		SolutionGuid = {4FF7D8F1-56A2-4C32-9E04-EA5ABE9F097F}
	EndGlobalSection
EndGlobal
